
Microsoft Visual Studio Solution File, Format Version 12.00
# Visual Studio Version 17
VisualStudioVersion = 17.5.33530.505
MinimumVisualStudioVersion = 10.0.40219.1
Project("{FAE04EC0-301F-11D3-BF4B-00C04F79EFBC}") = "AJAX作業", "AJAX作業.csproj", "{D79D3DF2-C33C-4F5A-9AAD-CB77E29878FD}"
EndProject
Global
	GlobalSection(SolutionConfigurationPlatforms) = preSolution
		Debug|Any CPU = Debug|Any CPU
		Release|Any CPU = Release|Any CPU
	EndGlobalSection
	GlobalSection(ProjectConfigurationPlatforms) = postSolution
		{D79D3DF2-C33C-4F5A-9AAD-CB77E29878FD}.Debug|Any CPU.ActiveCfg = Debug|Any CPU
		{D79D3DF2-C33C-4F5A-9AAD-CB77E29878FD}.Debug|Any CPU.Build.0 = Debug|Any CPU
		{D79D3DF2-C33C-4F5A-9AAD-CB77E29878FD}.Release|Any CPU.ActiveCfg = Release|Any CPU
		{D79D3DF2-C33C-4F5A-9AAD-CB77E29878FD}.Release|Any CPU.Build.0 = Release|Any CPU
	EndGlobalSection
	GlobalSection(SolutionProperties) = preSolution
		HideSolutionNode = FALSE
	EndGlobalSection
	GlobalSection(ExtensibilityGlobals) = postSolution
		SolutionGuid = {0326EACE-668A-466B-86EE-7617A9062BBF}
	EndGlobalSection
EndGlobal
